
Microsoft Visual Studio Solution File, Format Version 12.00
# Visual Studio Version 16
VisualStudioVersion = 16.0.31402.337
MinimumVisualStudioVersion = 10.0.40219.1
Project("{FAE04EC0-301F-11D3-BF4B-00C04F79EFBC}") = "RestaurantEmp", "RestaurantEmp.csproj", "{05D072CB-0F8F-4DD8-AFBE-C7913FA31A0A}"
EndProject
Global
	GlobalSection(SolutionConfigurationPlatforms) = preSolution
		Debug|Any CPU = Debug|Any CPU
		Release|Any CPU = Release|Any CPU
	EndGlobalSection
	GlobalSection(ProjectConfigurationPlatforms) = postSolution
		{05D072CB-0F8F-4DD8-AFBE-C7913FA31A0A}.Debug|Any CPU.ActiveCfg = Debug|Any CPU
		{05D072CB-0F8F-4DD8-AFBE-C7913FA31A0A}.Debug|Any CPU.Build.0 = Debug|Any CPU
		{05D072CB-0F8F-4DD8-AFBE-C7913FA31A0A}.Release|Any CPU.ActiveCfg = Release|Any CPU
		{05D072CB-0F8F-4DD8-AFBE-C7913FA31A0A}.Release|Any CPU.Build.0 = Release|Any CPU
	EndGlobalSection
	GlobalSection(SolutionProperties) = preSolution
		HideSolutionNode = FALSE
	EndGlobalSection
	GlobalSection(ExtensibilityGlobals) = postSolution
		SolutionGuid = {B6AFCFDD-2E42-4FEE-8E86-FEA48731AF02}
	EndGlobalSection
EndGlobal
